
Microsoft Visual Studio Solution File, Format Version 12.00
# Visual Studio Version 16
VisualStudioVersion = 16.0.31205.134
MinimumVisualStudioVersion = 10.0.40219.1
Project("{9A19103F-16F7-4668-BE54-9A1E7A4F7556}") = "AupDotNet", "AupDotNet\AupDotNet.csproj", "{3DBE0B2D-D838-4054-83D6-2AD00F6A9422}"
EndProject
Project("{9A19103F-16F7-4668-BE54-9A1E7A4F7556}") = "AupDotNetTests", "AupDotNetTests\AupDotNetTests.csproj", "{AE6BD162-8ECE-4B37-B348-8E497FF8C59C}"
EndProject
Global
	GlobalSection(SolutionConfigurationPlatforms) = preSolution
		Debug|Any CPU = Debug|Any CPU
		Release|Any CPU = Release|Any CPU
	EndGlobalSection
	GlobalSection(ProjectConfigurationPlatforms) = postSolution
		{3DBE0B2D-D838-4054-83D6-2AD00F6A9422}.Debug|Any CPU.ActiveCfg = Debug|Any CPU
		{3DBE0B2D-D838-4054-83D6-2AD00F6A9422}.Debug|Any CPU.Build.0 = Debug|Any CPU
		{3DBE0B2D-D838-4054-83D6-2AD00F6A9422}.Release|Any CPU.ActiveCfg = Release|Any CPU
		{3DBE0B2D-D838-4054-83D6-2AD00F6A9422}.Release|Any CPU.Build.0 = Release|Any CPU
		{AE6BD162-8ECE-4B37-B348-8E497FF8C59C}.Debug|Any CPU.ActiveCfg = Debug|Any CPU
		{AE6BD162-8ECE-4B37-B348-8E497FF8C59C}.Debug|Any CPU.Build.0 = Debug|Any CPU
		{AE6BD162-8ECE-4B37-B348-8E497FF8C59C}.Release|Any CPU.ActiveCfg = Release|Any CPU
		{AE6BD162-8ECE-4B37-B348-8E497FF8C59C}.Release|Any CPU.Build.0 = Release|Any CPU
	EndGlobalSection
	GlobalSection(SolutionProperties) = preSolution
		HideSolutionNode = FALSE
	EndGlobalSection
	GlobalSection(ExtensibilityGlobals) = postSolution
		SolutionGuid = {04C87CED-A9EE-4CA8-B2F3-8C990E49D89F}
	EndGlobalSection
EndGlobal
